# This file is automatically @generated by Cargo.
# It is not intended for manual editing.
version = 4

[[package]]
name = "xmlspy-cli"
version = "0.1.0"
dependencies = [
 "xmlspy-core",
 "xmlspy-index",
 "xmlspy-parse",
]

[[package]]
name = "xmlspy-core"
version = "0.1.0"

[[package]]
name = "xmlspy-index"
version = "0.1.0"
dependencies = [
 "xmlspy-core",
]

[[package]]
name = "xmlspy-parse"
version = "0.1.0"
dependencies = [
 "xmlspy-core",
 "xmlspy-index",
]

[[package]]
name = "xmlspy-wasm"
version = "0.1.0"
dependencies = [
 "xmlspy-core",
 "xmlspy-index",
 "xmlspy-parse",
]
